
Microsoft Visual Studio Solution File, Format Version 12.00
# Visual Studio Version 16
VisualStudioVersion = 16.0.29806.167
MinimumVisualStudioVersion = 10.0.40219.1
Project("{FAE04EC0-301F-11D3-BF4B-00C04F79EFBC}") = "Decoded String at Index", "Decoded String at Index\Decoded String at Index.csproj", "{0283B618-ADF8-4368-B683-C24DB06D958D}"
EndProject
Global
	GlobalSection(SolutionConfigurationPlatforms) = preSolution
		Debug|Any CPU = Debug|Any CPU
		Release|Any CPU = Release|Any CPU
	EndGlobalSection
	GlobalSection(ProjectConfigurationPlatforms) = postSolution
		{0283B618-ADF8-4368-B683-C24DB06D958D}.Debug|Any CPU.ActiveCfg = Debug|Any CPU
		{0283B618-ADF8-4368-B683-C24DB06D958D}.Debug|Any CPU.Build.0 = Debug|Any CPU
		{0283B618-ADF8-4368-B683-C24DB06D958D}.Release|Any CPU.ActiveCfg = Release|Any CPU
		{0283B618-ADF8-4368-B683-C24DB06D958D}.Release|Any CPU.Build.0 = Release|Any CPU
	EndGlobalSection
	GlobalSection(SolutionProperties) = preSolution
		HideSolutionNode = FALSE
	EndGlobalSection
	GlobalSection(ExtensibilityGlobals) = postSolution
		SolutionGuid = {BD9F1245-15C5-4139-A0E3-BE144C4C1105}
	EndGlobalSection
EndGlobal
