
Microsoft Visual Studio Solution File, Format Version 12.00
# Visual Studio Version 16
VisualStudioVersion = 16.0.29806.167
MinimumVisualStudioVersion = 10.0.40219.1
Project("{FAE04EC0-301F-11D3-BF4B-00C04F79EFBC}") = "Pairs of Songs With Total Durations Divisible by 60", "Pairs of Songs With Total Durations Divisible by 60\Pairs of Songs With Total Durations Divisible by 60.csproj", "{3D554069-2D63-4F54-B5C8-06B8CDCE210B}"
EndProject
Global
	GlobalSection(SolutionConfigurationPlatforms) = preSolution
		Debug|Any CPU = Debug|Any CPU
		Release|Any CPU = Release|Any CPU
	EndGlobalSection
	GlobalSection(ProjectConfigurationPlatforms) = postSolution
		{3D554069-2D63-4F54-B5C8-06B8CDCE210B}.Debug|Any CPU.ActiveCfg = Debug|Any CPU
		{3D554069-2D63-4F54-B5C8-06B8CDCE210B}.Debug|Any CPU.Build.0 = Debug|Any CPU
		{3D554069-2D63-4F54-B5C8-06B8CDCE210B}.Release|Any CPU.ActiveCfg = Release|Any CPU
		{3D554069-2D63-4F54-B5C8-06B8CDCE210B}.Release|Any CPU.Build.0 = Release|Any CPU
	EndGlobalSection
	GlobalSection(SolutionProperties) = preSolution
		HideSolutionNode = FALSE
	EndGlobalSection
	GlobalSection(ExtensibilityGlobals) = postSolution
		SolutionGuid = {D602B526-87AF-4C0D-B9CC-4F785F051268}
	EndGlobalSection
EndGlobal
