
Microsoft Visual Studio Solution File, Format Version 12.00
# Visual Studio Version 16
VisualStudioVersion = 16.0.28917.181
MinimumVisualStudioVersion = 10.0.40219.1
Project("{FAE04EC0-301F-11D3-BF4B-00C04F79EFBC}") = "Check If Two String Arrays are Equivalent", "Check If Two String Arrays are Equivalent\Check If Two String Arrays are Equivalent.csproj", "{A41E0A4D-59AE-4360-A810-44867D3EAAE1}"
EndProject
Global
	GlobalSection(SolutionConfigurationPlatforms) = preSolution
		Debug|Any CPU = Debug|Any CPU
		Release|Any CPU = Release|Any CPU
	EndGlobalSection
	GlobalSection(ProjectConfigurationPlatforms) = postSolution
		{A41E0A4D-59AE-4360-A810-44867D3EAAE1}.Debug|Any CPU.ActiveCfg = Debug|Any CPU
		{A41E0A4D-59AE-4360-A810-44867D3EAAE1}.Debug|Any CPU.Build.0 = Debug|Any CPU
		{A41E0A4D-59AE-4360-A810-44867D3EAAE1}.Release|Any CPU.ActiveCfg = Release|Any CPU
		{A41E0A4D-59AE-4360-A810-44867D3EAAE1}.Release|Any CPU.Build.0 = Release|Any CPU
	EndGlobalSection
	GlobalSection(SolutionProperties) = preSolution
		HideSolutionNode = FALSE
	EndGlobalSection
	GlobalSection(ExtensibilityGlobals) = postSolution
		SolutionGuid = {FA027500-1830-4374-9F9E-2462936F1678}
	EndGlobalSection
EndGlobal
