
Microsoft Visual Studio Solution File, Format Version 12.00
# Visual Studio Version 16
VisualStudioVersion = 16.0.28917.181
MinimumVisualStudioVersion = 10.0.40219.1
Project("{FAE04EC0-301F-11D3-BF4B-00C04F79EFBC}") = "Find Root of N-Ary Tree", "Find Root of N-Ary Tree\Find Root of N-Ary Tree.csproj", "{374EE4F5-CCD2-4277-B643-06D3FFCA44A1}"
EndProject
Project("{9A19103F-16F7-4668-BE54-9A1E7A4F7556}") = "LeetCode.Domain", "..\LeetCode.Domain\LeetCode.Domain\LeetCode.Domain.csproj", "{BD1EA11F-CF8F-4EFC-9D71-ADF16FC14A70}"
EndProject
Global
	GlobalSection(SolutionConfigurationPlatforms) = preSolution
		Debug|Any CPU = Debug|Any CPU
		Release|Any CPU = Release|Any CPU
	EndGlobalSection
	GlobalSection(ProjectConfigurationPlatforms) = postSolution
		{374EE4F5-CCD2-4277-B643-06D3FFCA44A1}.Debug|Any CPU.ActiveCfg = Debug|Any CPU
		{374EE4F5-CCD2-4277-B643-06D3FFCA44A1}.Debug|Any CPU.Build.0 = Debug|Any CPU
		{374EE4F5-CCD2-4277-B643-06D3FFCA44A1}.Release|Any CPU.ActiveCfg = Release|Any CPU
		{374EE4F5-CCD2-4277-B643-06D3FFCA44A1}.Release|Any CPU.Build.0 = Release|Any CPU
		{BD1EA11F-CF8F-4EFC-9D71-ADF16FC14A70}.Debug|Any CPU.ActiveCfg = Debug|Any CPU
		{BD1EA11F-CF8F-4EFC-9D71-ADF16FC14A70}.Debug|Any CPU.Build.0 = Debug|Any CPU
		{BD1EA11F-CF8F-4EFC-9D71-ADF16FC14A70}.Release|Any CPU.ActiveCfg = Release|Any CPU
		{BD1EA11F-CF8F-4EFC-9D71-ADF16FC14A70}.Release|Any CPU.Build.0 = Release|Any CPU
	EndGlobalSection
	GlobalSection(SolutionProperties) = preSolution
		HideSolutionNode = FALSE
	EndGlobalSection
	GlobalSection(ExtensibilityGlobals) = postSolution
		SolutionGuid = {0387F5C9-52B8-486C-AA6A-B8C7BE03CC8D}
	EndGlobalSection
EndGlobal
