
Microsoft Visual Studio Solution File, Format Version 12.00
# Visual Studio Version 16
VisualStudioVersion = 16.0.28917.181
MinimumVisualStudioVersion = 10.0.40219.1
Project("{FAE04EC0-301F-11D3-BF4B-00C04F79EFBC}") = "Longest Substring At Most K Distinct Characters", "Longest Substring At Most K Distinct Characters\Longest Substring At Most K Distinct Characters.csproj", "{B7BE1719-8FF8-4AED-9F8D-129830BB43F1}"
EndProject
Global
	GlobalSection(SolutionConfigurationPlatforms) = preSolution
		Debug|Any CPU = Debug|Any CPU
		Release|Any CPU = Release|Any CPU
	EndGlobalSection
	GlobalSection(ProjectConfigurationPlatforms) = postSolution
		{B7BE1719-8FF8-4AED-9F8D-129830BB43F1}.Debug|Any CPU.ActiveCfg = Debug|Any CPU
		{B7BE1719-8FF8-4AED-9F8D-129830BB43F1}.Debug|Any CPU.Build.0 = Debug|Any CPU
		{B7BE1719-8FF8-4AED-9F8D-129830BB43F1}.Release|Any CPU.ActiveCfg = Release|Any CPU
		{B7BE1719-8FF8-4AED-9F8D-129830BB43F1}.Release|Any CPU.Build.0 = Release|Any CPU
	EndGlobalSection
	GlobalSection(SolutionProperties) = preSolution
		HideSolutionNode = FALSE
	EndGlobalSection
	GlobalSection(ExtensibilityGlobals) = postSolution
		SolutionGuid = {41D377C5-FC71-425C-9F00-42924F4533CD}
	EndGlobalSection
EndGlobal
