
Microsoft Visual Studio Solution File, Format Version 12.00
# Visual Studio Version 16
VisualStudioVersion = 16.0.28917.181
MinimumVisualStudioVersion = 10.0.40219.1
Project("{FAE04EC0-301F-11D3-BF4B-00C04F79EFBC}") = "Range Sum of BST", "Range Sum of BST\Range Sum of BST.csproj", "{57110AD8-2B94-4FAA-9A61-EB88094583B0}"
EndProject
Global
	GlobalSection(SolutionConfigurationPlatforms) = preSolution
		Debug|Any CPU = Debug|Any CPU
		Release|Any CPU = Release|Any CPU
	EndGlobalSection
	GlobalSection(ProjectConfigurationPlatforms) = postSolution
		{57110AD8-2B94-4FAA-9A61-EB88094583B0}.Debug|Any CPU.ActiveCfg = Debug|Any CPU
		{57110AD8-2B94-4FAA-9A61-EB88094583B0}.Debug|Any CPU.Build.0 = Debug|Any CPU
		{57110AD8-2B94-4FAA-9A61-EB88094583B0}.Release|Any CPU.ActiveCfg = Release|Any CPU
		{57110AD8-2B94-4FAA-9A61-EB88094583B0}.Release|Any CPU.Build.0 = Release|Any CPU
	EndGlobalSection
	GlobalSection(SolutionProperties) = preSolution
		HideSolutionNode = FALSE
	EndGlobalSection
	GlobalSection(ExtensibilityGlobals) = postSolution
		SolutionGuid = {D9892FBD-F2CC-46FA-9627-A7420225C5BE}
	EndGlobalSection
EndGlobal
