
Microsoft Visual Studio Solution File, Format Version 12.00
# Visual Studio Version 16
VisualStudioVersion = 16.0.29806.167
MinimumVisualStudioVersion = 10.0.40219.1
Project("{FAE04EC0-301F-11D3-BF4B-00C04F79EFBC}") = "Remove Palindromic Subsequences", "Remove Palindromic Subsequences\Remove Palindromic Subsequences.csproj", "{B2324C7C-2507-41C7-A047-09DF31925F9A}"
EndProject
Global
	GlobalSection(SolutionConfigurationPlatforms) = preSolution
		Debug|Any CPU = Debug|Any CPU
		Release|Any CPU = Release|Any CPU
	EndGlobalSection
	GlobalSection(ProjectConfigurationPlatforms) = postSolution
		{B2324C7C-2507-41C7-A047-09DF31925F9A}.Debug|Any CPU.ActiveCfg = Debug|Any CPU
		{B2324C7C-2507-41C7-A047-09DF31925F9A}.Debug|Any CPU.Build.0 = Debug|Any CPU
		{B2324C7C-2507-41C7-A047-09DF31925F9A}.Release|Any CPU.ActiveCfg = Release|Any CPU
		{B2324C7C-2507-41C7-A047-09DF31925F9A}.Release|Any CPU.Build.0 = Release|Any CPU
	EndGlobalSection
	GlobalSection(SolutionProperties) = preSolution
		HideSolutionNode = FALSE
	EndGlobalSection
	GlobalSection(ExtensibilityGlobals) = postSolution
		SolutionGuid = {AEA7F8E5-D719-463E-A54B-21F04EB6E7EB}
	EndGlobalSection
EndGlobal
