
Microsoft Visual Studio Solution File, Format Version 12.00
# Visual Studio Version 16
VisualStudioVersion = 16.0.29806.167
MinimumVisualStudioVersion = 10.0.40219.1
Project("{FAE04EC0-301F-11D3-BF4B-00C04F79EFBC}") = "Search in Rotated Sorted Array II", "Search in Rotated Sorted Array II\Search in Rotated Sorted Array II.csproj", "{9B302697-2D85-49A6-9915-48A23D031BDB}"
EndProject
Global
	GlobalSection(SolutionConfigurationPlatforms) = preSolution
		Debug|Any CPU = Debug|Any CPU
		Release|Any CPU = Release|Any CPU
	EndGlobalSection
	GlobalSection(ProjectConfigurationPlatforms) = postSolution
		{9B302697-2D85-49A6-9915-48A23D031BDB}.Debug|Any CPU.ActiveCfg = Debug|Any CPU
		{9B302697-2D85-49A6-9915-48A23D031BDB}.Debug|Any CPU.Build.0 = Debug|Any CPU
		{9B302697-2D85-49A6-9915-48A23D031BDB}.Release|Any CPU.ActiveCfg = Release|Any CPU
		{9B302697-2D85-49A6-9915-48A23D031BDB}.Release|Any CPU.Build.0 = Release|Any CPU
	EndGlobalSection
	GlobalSection(SolutionProperties) = preSolution
		HideSolutionNode = FALSE
	EndGlobalSection
	GlobalSection(ExtensibilityGlobals) = postSolution
		SolutionGuid = {791490D9-5C45-4A44-80E8-6C30F5A72776}
	EndGlobalSection
EndGlobal
