
Microsoft Visual Studio Solution File, Format Version 12.00
# Visual Studio Version 16
VisualStudioVersion = 16.0.29806.167
MinimumVisualStudioVersion = 10.0.40219.1
Project("{FAE04EC0-301F-11D3-BF4B-00C04F79EFBC}") = "Smallest Range II", "Smallest Range II\Smallest Range II.csproj", "{A31A1888-E5C4-4C56-B44D-F4EF247C7223}"
EndProject
Global
	GlobalSection(SolutionConfigurationPlatforms) = preSolution
		Debug|Any CPU = Debug|Any CPU
		Release|Any CPU = Release|Any CPU
	EndGlobalSection
	GlobalSection(ProjectConfigurationPlatforms) = postSolution
		{A31A1888-E5C4-4C56-B44D-F4EF247C7223}.Debug|Any CPU.ActiveCfg = Debug|Any CPU
		{A31A1888-E5C4-4C56-B44D-F4EF247C7223}.Debug|Any CPU.Build.0 = Debug|Any CPU
		{A31A1888-E5C4-4C56-B44D-F4EF247C7223}.Release|Any CPU.ActiveCfg = Release|Any CPU
		{A31A1888-E5C4-4C56-B44D-F4EF247C7223}.Release|Any CPU.Build.0 = Release|Any CPU
	EndGlobalSection
	GlobalSection(SolutionProperties) = preSolution
		HideSolutionNode = FALSE
	EndGlobalSection
	GlobalSection(ExtensibilityGlobals) = postSolution
		SolutionGuid = {F7A2B7D1-E5B6-4884-BFAB-C8A1CBD97101}
	EndGlobalSection
EndGlobal
