
Microsoft Visual Studio Solution File, Format Version 12.00
# Visual Studio Version 16
VisualStudioVersion = 16.0.32002.261
MinimumVisualStudioVersion = 10.0.40219.1
Project("{FAE04EC0-301F-11D3-BF4B-00C04F79EFBC}") = "1169 -Invalid Transactions", "1169 -Invalid Transactions.csproj", "{CF619399-FA78-4EEC-8CEC-19F5FE0537E3}"
EndProject
Global
	GlobalSection(SolutionConfigurationPlatforms) = preSolution
		Debug|Any CPU = Debug|Any CPU
		Release|Any CPU = Release|Any CPU
	EndGlobalSection
	GlobalSection(ProjectConfigurationPlatforms) = postSolution
		{CF619399-FA78-4EEC-8CEC-19F5FE0537E3}.Debug|Any CPU.ActiveCfg = Debug|Any CPU
		{CF619399-FA78-4EEC-8CEC-19F5FE0537E3}.Debug|Any CPU.Build.0 = Debug|Any CPU
		{CF619399-FA78-4EEC-8CEC-19F5FE0537E3}.Release|Any CPU.ActiveCfg = Release|Any CPU
		{CF619399-FA78-4EEC-8CEC-19F5FE0537E3}.Release|Any CPU.Build.0 = Release|Any CPU
	EndGlobalSection
	GlobalSection(SolutionProperties) = preSolution
		HideSolutionNode = FALSE
	EndGlobalSection
	GlobalSection(ExtensibilityGlobals) = postSolution
		SolutionGuid = {92213FA1-2FA6-4089-B1CA-F01CFEC4E132}
	EndGlobalSection
EndGlobal
