
Microsoft Visual Studio Solution File, Format Version 12.00
# Visual Studio Version 16
VisualStudioVersion = 16.0.29806.167
MinimumVisualStudioVersion = 10.0.40219.1
Project("{FAE04EC0-301F-11D3-BF4B-00C04F79EFBC}") = "Binary Tree Longest Consecutive Sequence II", "Binary Tree Longest Consecutive Sequence II.csproj", "{154CFCC3-674C-4212-BCAB-837D0BDC7BA4}"
EndProject
Project("{9A19103F-16F7-4668-BE54-9A1E7A4F7556}") = "LeetCode.Domain", "..\LeetCode.Core\LeetCode.Domain\LeetCode.Domain.csproj", "{A0CC3455-68E5-4B97-AEB5-154FAED588C3}"
EndProject
Global
	GlobalSection(SolutionConfigurationPlatforms) = preSolution
		Debug|Any CPU = Debug|Any CPU
		Release|Any CPU = Release|Any CPU
	EndGlobalSection
	GlobalSection(ProjectConfigurationPlatforms) = postSolution
		{154CFCC3-674C-4212-BCAB-837D0BDC7BA4}.Debug|Any CPU.ActiveCfg = Debug|Any CPU
		{154CFCC3-674C-4212-BCAB-837D0BDC7BA4}.Debug|Any CPU.Build.0 = Debug|Any CPU
		{154CFCC3-674C-4212-BCAB-837D0BDC7BA4}.Release|Any CPU.ActiveCfg = Release|Any CPU
		{154CFCC3-674C-4212-BCAB-837D0BDC7BA4}.Release|Any CPU.Build.0 = Release|Any CPU
		{A0CC3455-68E5-4B97-AEB5-154FAED588C3}.Debug|Any CPU.ActiveCfg = Debug|Any CPU
		{A0CC3455-68E5-4B97-AEB5-154FAED588C3}.Debug|Any CPU.Build.0 = Debug|Any CPU
		{A0CC3455-68E5-4B97-AEB5-154FAED588C3}.Release|Any CPU.ActiveCfg = Release|Any CPU
		{A0CC3455-68E5-4B97-AEB5-154FAED588C3}.Release|Any CPU.Build.0 = Release|Any CPU
	EndGlobalSection
	GlobalSection(SolutionProperties) = preSolution
		HideSolutionNode = FALSE
	EndGlobalSection
	GlobalSection(ExtensibilityGlobals) = postSolution
		SolutionGuid = {77C13052-32A9-416A-8C9B-F66967AFFDD6}
	EndGlobalSection
EndGlobal
