
Microsoft Visual Studio Solution File, Format Version 12.00
# Visual Studio Version 16
VisualStudioVersion = 16.0.29806.167
MinimumVisualStudioVersion = 10.0.40219.1
Project("{FAE04EC0-301F-11D3-BF4B-00C04F79EFBC}") = "Remove Nth Node From End of List", "Remove Nth Node From End of List\Remove Nth Node From End of List.csproj", "{C55FC476-A112-44DB-B22A-CC57DD51B07D}"
EndProject
Project("{9A19103F-16F7-4668-BE54-9A1E7A4F7556}") = "LeetCode.Domain", "..\LeetCode.Core\LeetCode.Domain\LeetCode.Domain.csproj", "{612A86FF-9B63-4F0D-93FB-48219D0D164D}"
EndProject
Global
	GlobalSection(SolutionConfigurationPlatforms) = preSolution
		Debug|Any CPU = Debug|Any CPU
		Release|Any CPU = Release|Any CPU
	EndGlobalSection
	GlobalSection(ProjectConfigurationPlatforms) = postSolution
		{C55FC476-A112-44DB-B22A-CC57DD51B07D}.Debug|Any CPU.ActiveCfg = Debug|Any CPU
		{C55FC476-A112-44DB-B22A-CC57DD51B07D}.Debug|Any CPU.Build.0 = Debug|Any CPU
		{C55FC476-A112-44DB-B22A-CC57DD51B07D}.Release|Any CPU.ActiveCfg = Release|Any CPU
		{C55FC476-A112-44DB-B22A-CC57DD51B07D}.Release|Any CPU.Build.0 = Release|Any CPU
		{612A86FF-9B63-4F0D-93FB-48219D0D164D}.Debug|Any CPU.ActiveCfg = Debug|Any CPU
		{612A86FF-9B63-4F0D-93FB-48219D0D164D}.Debug|Any CPU.Build.0 = Debug|Any CPU
		{612A86FF-9B63-4F0D-93FB-48219D0D164D}.Release|Any CPU.ActiveCfg = Release|Any CPU
		{612A86FF-9B63-4F0D-93FB-48219D0D164D}.Release|Any CPU.Build.0 = Release|Any CPU
	EndGlobalSection
	GlobalSection(SolutionProperties) = preSolution
		HideSolutionNode = FALSE
	EndGlobalSection
	GlobalSection(ExtensibilityGlobals) = postSolution
		SolutionGuid = {F500DB07-3858-4431-8731-82CDDC428687}
	EndGlobalSection
EndGlobal
