
Microsoft Visual Studio Solution File, Format Version 12.00
# Visual Studio Version 16
VisualStudioVersion = 16.0.28917.181
MinimumVisualStudioVersion = 10.0.40219.1
Project("{FAE04EC0-301F-11D3-BF4B-00C04F79EFBC}") = "Largest Rectangle in Histogram", "Largest Rectangle in Histogram\Largest Rectangle in Histogram.csproj", "{BA51FA77-4DF0-44C3-8036-BEE1CCD4349B}"
EndProject
Global
	GlobalSection(SolutionConfigurationPlatforms) = preSolution
		Debug|Any CPU = Debug|Any CPU
		Release|Any CPU = Release|Any CPU
	EndGlobalSection
	GlobalSection(ProjectConfigurationPlatforms) = postSolution
		{BA51FA77-4DF0-44C3-8036-BEE1CCD4349B}.Debug|Any CPU.ActiveCfg = Debug|Any CPU
		{BA51FA77-4DF0-44C3-8036-BEE1CCD4349B}.Debug|Any CPU.Build.0 = Debug|Any CPU
		{BA51FA77-4DF0-44C3-8036-BEE1CCD4349B}.Release|Any CPU.ActiveCfg = Release|Any CPU
		{BA51FA77-4DF0-44C3-8036-BEE1CCD4349B}.Release|Any CPU.Build.0 = Release|Any CPU
	EndGlobalSection
	GlobalSection(SolutionProperties) = preSolution
		HideSolutionNode = FALSE
	EndGlobalSection
	GlobalSection(ExtensibilityGlobals) = postSolution
		SolutionGuid = {A280A418-4413-4130-8297-7FFC1F5AB82E}
	EndGlobalSection
EndGlobal
