
Microsoft Visual Studio Solution File, Format Version 12.00
# Visual Studio Version 16
VisualStudioVersion = 16.0.29806.167
MinimumVisualStudioVersion = 10.0.40219.1
Project("{FAE04EC0-301F-11D3-BF4B-00C04F79EFBC}") = "Partition List", "Partition List\Partition List.csproj", "{4B4BE948-5985-4DA7-9617-422ABA27B51A}"
EndProject
Project("{9A19103F-16F7-4668-BE54-9A1E7A4F7556}") = "LeetCode.Domain", "..\LeetCode.Core\LeetCode.Domain\LeetCode.Domain.csproj", "{2864ED01-C1B3-4805-9CD3-AE097A24FEFA}"
EndProject
Global
	GlobalSection(SolutionConfigurationPlatforms) = preSolution
		Debug|Any CPU = Debug|Any CPU
		Release|Any CPU = Release|Any CPU
	EndGlobalSection
	GlobalSection(ProjectConfigurationPlatforms) = postSolution
		{4B4BE948-5985-4DA7-9617-422ABA27B51A}.Debug|Any CPU.ActiveCfg = Debug|Any CPU
		{4B4BE948-5985-4DA7-9617-422ABA27B51A}.Debug|Any CPU.Build.0 = Debug|Any CPU
		{4B4BE948-5985-4DA7-9617-422ABA27B51A}.Release|Any CPU.ActiveCfg = Release|Any CPU
		{4B4BE948-5985-4DA7-9617-422ABA27B51A}.Release|Any CPU.Build.0 = Release|Any CPU
		{2864ED01-C1B3-4805-9CD3-AE097A24FEFA}.Debug|Any CPU.ActiveCfg = Debug|Any CPU
		{2864ED01-C1B3-4805-9CD3-AE097A24FEFA}.Debug|Any CPU.Build.0 = Debug|Any CPU
		{2864ED01-C1B3-4805-9CD3-AE097A24FEFA}.Release|Any CPU.ActiveCfg = Release|Any CPU
		{2864ED01-C1B3-4805-9CD3-AE097A24FEFA}.Release|Any CPU.Build.0 = Release|Any CPU
	EndGlobalSection
	GlobalSection(SolutionProperties) = preSolution
		HideSolutionNode = FALSE
	EndGlobalSection
	GlobalSection(ExtensibilityGlobals) = postSolution
		SolutionGuid = {24AD5748-A511-4E33-9C74-8EC97F7D5387}
	EndGlobalSection
EndGlobal
