
Microsoft Visual Studio Solution File, Format Version 12.00
# Visual Studio Version 16
VisualStudioVersion = 16.0.29806.167
MinimumVisualStudioVersion = 10.0.40219.1
Project("{FAE04EC0-301F-11D3-BF4B-00C04F79EFBC}") = "Average of Levels in Binary Tree", "Average of Levels in Binary Tree\Average of Levels in Binary Tree.csproj", "{757CEE91-8FDE-4CCE-B78E-6942CE4EFCD1}"
EndProject
Project("{9A19103F-16F7-4668-BE54-9A1E7A4F7556}") = "LeetCode.Domain", "..\LeetCode.Core\LeetCode.Domain\LeetCode.Domain.csproj", "{E8BA26A3-C8B8-4605-8920-F0C5824FB13F}"
EndProject
Global
	GlobalSection(SolutionConfigurationPlatforms) = preSolution
		Debug|Any CPU = Debug|Any CPU
		Release|Any CPU = Release|Any CPU
	EndGlobalSection
	GlobalSection(ProjectConfigurationPlatforms) = postSolution
		{757CEE91-8FDE-4CCE-B78E-6942CE4EFCD1}.Debug|Any CPU.ActiveCfg = Debug|Any CPU
		{757CEE91-8FDE-4CCE-B78E-6942CE4EFCD1}.Debug|Any CPU.Build.0 = Debug|Any CPU
		{757CEE91-8FDE-4CCE-B78E-6942CE4EFCD1}.Release|Any CPU.ActiveCfg = Release|Any CPU
		{757CEE91-8FDE-4CCE-B78E-6942CE4EFCD1}.Release|Any CPU.Build.0 = Release|Any CPU
		{E8BA26A3-C8B8-4605-8920-F0C5824FB13F}.Debug|Any CPU.ActiveCfg = Debug|Any CPU
		{E8BA26A3-C8B8-4605-8920-F0C5824FB13F}.Debug|Any CPU.Build.0 = Debug|Any CPU
		{E8BA26A3-C8B8-4605-8920-F0C5824FB13F}.Release|Any CPU.ActiveCfg = Release|Any CPU
		{E8BA26A3-C8B8-4605-8920-F0C5824FB13F}.Release|Any CPU.Build.0 = Release|Any CPU
	EndGlobalSection
	GlobalSection(SolutionProperties) = preSolution
		HideSolutionNode = FALSE
	EndGlobalSection
	GlobalSection(ExtensibilityGlobals) = postSolution
		SolutionGuid = {E1DBEFF3-C963-40D2-9420-52A52A00D299}
	EndGlobalSection
EndGlobal
