
Microsoft Visual Studio Solution File, Format Version 12.00
# Visual Studio Version 16
VisualStudioVersion = 16.0.28917.181
MinimumVisualStudioVersion = 10.0.40219.1
Project("{FAE04EC0-301F-11D3-BF4B-00C04F79EFBC}") = "Game of Life", "Game of Life\Game of Life.csproj", "{FB5E1A8C-642F-4B61-B3EC-E5C8574EEC0F}"
EndProject
Global
	GlobalSection(SolutionConfigurationPlatforms) = preSolution
		Debug|Any CPU = Debug|Any CPU
		Release|Any CPU = Release|Any CPU
	EndGlobalSection
	GlobalSection(ProjectConfigurationPlatforms) = postSolution
		{FB5E1A8C-642F-4B61-B3EC-E5C8574EEC0F}.Debug|Any CPU.ActiveCfg = Debug|Any CPU
		{FB5E1A8C-642F-4B61-B3EC-E5C8574EEC0F}.Debug|Any CPU.Build.0 = Debug|Any CPU
		{FB5E1A8C-642F-4B61-B3EC-E5C8574EEC0F}.Release|Any CPU.ActiveCfg = Release|Any CPU
		{FB5E1A8C-642F-4B61-B3EC-E5C8574EEC0F}.Release|Any CPU.Build.0 = Release|Any CPU
	EndGlobalSection
	GlobalSection(SolutionProperties) = preSolution
		HideSolutionNode = FALSE
	EndGlobalSection
	GlobalSection(ExtensibilityGlobals) = postSolution
		SolutionGuid = {D551067A-5B6F-4474-AA82-71603EF235B3}
	EndGlobalSection
EndGlobal
