
Microsoft Visual Studio Solution File, Format Version 12.00
# Visual Studio Version 16
VisualStudioVersion = 16.0.29806.167
MinimumVisualStudioVersion = 10.0.40219.1
Project("{FAE04EC0-301F-11D3-BF4B-00C04F79EFBC}") = "Swap Nodes in Pairs", "Swap Nodes in Pairs\Swap Nodes in Pairs.csproj", "{D0B3CAC4-E11D-4C83-A843-CE8985EDDBC2}"
EndProject
Global
	GlobalSection(SolutionConfigurationPlatforms) = preSolution
		Debug|Any CPU = Debug|Any CPU
		Release|Any CPU = Release|Any CPU
	EndGlobalSection
	GlobalSection(ProjectConfigurationPlatforms) = postSolution
		{D0B3CAC4-E11D-4C83-A843-CE8985EDDBC2}.Debug|Any CPU.ActiveCfg = Debug|Any CPU
		{D0B3CAC4-E11D-4C83-A843-CE8985EDDBC2}.Debug|Any CPU.Build.0 = Debug|Any CPU
		{D0B3CAC4-E11D-4C83-A843-CE8985EDDBC2}.Release|Any CPU.ActiveCfg = Release|Any CPU
		{D0B3CAC4-E11D-4C83-A843-CE8985EDDBC2}.Release|Any CPU.Build.0 = Release|Any CPU
	EndGlobalSection
	GlobalSection(SolutionProperties) = preSolution
		HideSolutionNode = FALSE
	EndGlobalSection
	GlobalSection(ExtensibilityGlobals) = postSolution
		SolutionGuid = {B97CF1A1-F758-4C8F-84F7-427DFE176AF2}
	EndGlobalSection
EndGlobal
