
Microsoft Visual Studio Solution File, Format Version 12.00
# Visual Studio Version 16
VisualStudioVersion = 16.0.28917.181
MinimumVisualStudioVersion = 10.0.40219.1
Project("{FAE04EC0-301F-11D3-BF4B-00C04F79EFBC}") = "Beautiful Arrangement", "Beautiful Arrangement\Beautiful Arrangement.csproj", "{176A59C7-B5BA-44F2-AE0B-475EF8B65127}"
EndProject
Global
	GlobalSection(SolutionConfigurationPlatforms) = preSolution
		Debug|Any CPU = Debug|Any CPU
		Release|Any CPU = Release|Any CPU
	EndGlobalSection
	GlobalSection(ProjectConfigurationPlatforms) = postSolution
		{176A59C7-B5BA-44F2-AE0B-475EF8B65127}.Debug|Any CPU.ActiveCfg = Debug|Any CPU
		{176A59C7-B5BA-44F2-AE0B-475EF8B65127}.Debug|Any CPU.Build.0 = Debug|Any CPU
		{176A59C7-B5BA-44F2-AE0B-475EF8B65127}.Release|Any CPU.ActiveCfg = Release|Any CPU
		{176A59C7-B5BA-44F2-AE0B-475EF8B65127}.Release|Any CPU.Build.0 = Release|Any CPU
	EndGlobalSection
	GlobalSection(SolutionProperties) = preSolution
		HideSolutionNode = FALSE
	EndGlobalSection
	GlobalSection(ExtensibilityGlobals) = postSolution
		SolutionGuid = {6C964B1D-C384-450C-AD77-C231EBB7AAB5}
	EndGlobalSection
EndGlobal
