
Microsoft Visual Studio Solution File, Format Version 12.00
# Visual Studio Version 16
VisualStudioVersion = 16.0.28917.181
MinimumVisualStudioVersion = 10.0.40219.1
Project("{FAE04EC0-301F-11D3-BF4B-00C04F79EFBC}") = "Check Array Formation Through Concatenation", "Check Array Formation Through Concatenation\Check Array Formation Through Concatenation.csproj", "{F976F8F2-D48A-4D52-B844-3AA440660F2E}"
EndProject
Global
	GlobalSection(SolutionConfigurationPlatforms) = preSolution
		Debug|Any CPU = Debug|Any CPU
		Release|Any CPU = Release|Any CPU
	EndGlobalSection
	GlobalSection(ProjectConfigurationPlatforms) = postSolution
		{F976F8F2-D48A-4D52-B844-3AA440660F2E}.Debug|Any CPU.ActiveCfg = Debug|Any CPU
		{F976F8F2-D48A-4D52-B844-3AA440660F2E}.Debug|Any CPU.Build.0 = Debug|Any CPU
		{F976F8F2-D48A-4D52-B844-3AA440660F2E}.Release|Any CPU.ActiveCfg = Release|Any CPU
		{F976F8F2-D48A-4D52-B844-3AA440660F2E}.Release|Any CPU.Build.0 = Release|Any CPU
	EndGlobalSection
	GlobalSection(SolutionProperties) = preSolution
		HideSolutionNode = FALSE
	EndGlobalSection
	GlobalSection(ExtensibilityGlobals) = postSolution
		SolutionGuid = {CDBC89B6-05FB-4B40-AC07-D8E29B4CBD94}
	EndGlobalSection
EndGlobal
